PODS:
  - Flutter (1.0.0)
  - integration_test (0.0.1):
    - Flutter
  - vonage_video_call (0.0.6):
    - Flutter

DEPENDENCIES:
  - Flutter (from `Flutter`)
  - integration_test (from `.symlinks/plugins/integration_test/ios`)
  - vonage_video_call (from `.symlinks/plugins/vonage_video_call/ios`)

EXTERNAL SOURCES:
  Flutter:
    :path: Flutter
  integration_test:
    :path: ".symlinks/plugins/integration_test/ios"
  vonage_video_call:
    :path: ".symlinks/plugins/vonage_video_call/ios"

SPEC CHECKSUMS:
  Flutter: e0871f40cf51350855a761d2e70bf5af5b9b5de7
  integration_test: 13825b8a9334a850581300559b8839134b124670
  vonage_video_call: 8da269b8c2c98b291ebd46fc95772ffd6b677c3e

PODFILE CHECKSUM: 765cb26dcffcb6bfce605dbb897c4841e3dc03c6

COCOAPODS: 1.15.2
